
Microsoft Visual Studio Solution File, Format Version 12.00
# Visual Studio 2012
Project("{FAE04EC0-301F-11D3-BF4B-00C04F79EFBC}") = "opencvVisual", "opencvVisual\opencvVisual.csproj", "{D7DE814F-7867-47CC-895D-A5B9AF6EA45B}"
EndProject
Global
	GlobalSection(SolutionConfigurationPlatforms) = preSolution
		Debug|Any CPU = Debug|Any CPU
		Release|Any CPU = Release|Any CPU
	EndGlobalSection
	GlobalSection(ProjectConfigurationPlatforms) = postSolution
		{D7DE814F-7867-47CC-895D-A5B9AF6EA45B}.Debug|Any CPU.ActiveCfg = Debug|Any CPU
		{D7DE814F-7867-47CC-895D-A5B9AF6EA45B}.Debug|Any CPU.Build.0 = Debug|Any CPU
		{D7DE814F-7867-47CC-895D-A5B9AF6EA45B}.Release|Any CPU.ActiveCfg = Release|Any CPU
		{D7DE814F-7867-47CC-895D-A5B9AF6EA45B}.Release|Any CPU.Build.0 = Release|Any CPU
	EndGlobalSection
	GlobalSection(SolutionProperties) = preSolution
		HideSolutionNode = FALSE
	EndGlobalSection
EndGlobal
